
Microsoft Visual Studio Solution File, Format Version 12.00
# Visual Studio 15
VisualStudioVersion = 15.0.34031.82
MinimumVisualStudioVersion = 10.0.40219.1
Project("{FAE04EC0-301F-11D3-BF4B-00C04F79EFBC}") = "IT_Job_Finder", "IT_Job_Finder\IT_Job_Finder.csproj", "{A19EF086-FA43-4EF5-8DA2-E75AD496E511}"
EndProject
Global
	GlobalSection(SolutionConfigurationPlatforms) = preSolution
		Debug|Any CPU = Debug|Any CPU
		Release|Any CPU = Release|Any CPU
	EndGlobalSection
	GlobalSection(ProjectConfigurationPlatforms) = postSolution
		{A19EF086-FA43-4EF5-8DA2-E75AD496E511}.Debug|Any CPU.ActiveCfg = Debug|Any CPU
		{A19EF086-FA43-4EF5-8DA2-E75AD496E511}.Debug|Any CPU.Build.0 = Debug|Any CPU
		{A19EF086-FA43-4EF5-8DA2-E75AD496E511}.Release|Any CPU.ActiveCfg = Release|Any CPU
		{A19EF086-FA43-4EF5-8DA2-E75AD496E511}.Release|Any CPU.Build.0 = Release|Any CPU
	EndGlobalSection
	GlobalSection(SolutionProperties) = preSolution
		HideSolutionNode = FALSE
	EndGlobalSection
	GlobalSection(ExtensibilityGlobals) = postSolution
		SolutionGuid = {72DF4B99-403F-4345-A176-5EE4A3A89B6E}
	EndGlobalSection
EndGlobal
